dependencies:
- name: postgresql
  repository: https://charts.bitnami.com/bitnami/
  version: 12.1.15
- name: external-dns
  repository: https://charts.bitnami.com/bitnami/
  version: 6.13.4
- name: redis
  repository: https://charts.bitnami.com/bitnami
  version: 17.3.8
digest: sha256:1b93c2d915e41d8cecdebfa24b7fba0e7612b947ac55ab2fc71f8142bf4ded19
generated: "2023-08-11T13:09:43.00988+04:00"
