dependencies:
- name: postgresql
  repository: https://charts.bitnami.com/bitnami/
  version: 12.1.15
- name: external-dns
  repository: https://charts.bitnami.com/bitnami/
  version: 6.13.4
- name: redis
  repository: https://charts.bitnami.com/bitnami
  version: 20.3.0
digest: sha256:f8a1b1ed40fde030171ee4c1ff9522d4a0f7898d20eb2bd3ebb97bb1efd8e943
generated: "2024-11-27T11:13:20.816900876Z"
